// !$*UTF8*$!
{
	archiveVersion = 1;
	classes = {
	};
	objectVersion = 56;
	objects = {

/* Begin PBXBuildFile section */
		1E2DD66C2C048B3400DC2389 /* Kingfisher in Frameworks */ = {isa = PBXBuildFile; productRef = 1E2DD66B2C048B3400DC2389 /* Kingfisher */; };
		1E2DD6712C04D37200DC2389 /* FotoListItemView.swift in Sources */ = {isa = PBXBuildFile; fileRef = 1E2DD6702C04D37200DC2389 /* FotoListItemView.swift */; };
		1E2E1C522C02298F00625F4D /* FotosApp.swift in Sources */ = {isa = PBXBuildFile; fileRef = 1E2E1C512C02298F00625F4D /* FotosApp.swift */; };
		1E2E1C542C02298F00625F4D /* ContentView.swift in Sources */ = {isa = PBXBuildFile; fileRef = 1E2E1C532C02298F00625F4D /* ContentView.swift */; };
		1E2E1C562C02299000625F4D /* Assets.xcassets in Resources */ = {isa = PBXBuildFile; fileRef = 1E2E1C552C02299000625F4D /* Assets.xcassets */; };
		1E2E1C592C02299000625F4D /* Preview Assets.xcassets in Resources */ = {isa = PBXBuildFile; fileRef = 1E2E1C582C02299000625F4D /* Preview Assets.xcassets */; };
		1E2E1C622C022B7E00625F4D /* Foto.swift in Sources */ = {isa = PBXBuildFile; fileRef = 1E2E1C612C022B7E00625F4D /* Foto.swift */; };
		1E2E1C652C022BB800625F4D /* FotoRepository.swift in Sources */ = {isa = PBXBuildFile; fileRef = 1E2E1C642C022BB800625F4D /* FotoRepository.swift */; };
		1E2E1C6F2C022C9D00625F4D /* FotoViewModel.swift in Sources */ = {isa = PBXBuildFile; fileRef = 1E2E1C6E2C022C9D00625F4D /* FotoViewModel.swift */; };
		1E2E1C762C022E6000625F4D /* HomeView.swift in Sources */ = {isa = PBXBuildFile; fileRef = 1E2E1C752C022E6000625F4D /* HomeView.swift */; };
		1E2E1C7A2C022EA300625F4D /* FavoriteFotosView.swift in Sources */ = {isa = PBXBuildFile; fileRef = 1E2E1C792C022EA300625F4D /* FavoriteFotosView.swift */; };
		1E2E1C7D2C02301400625F4D /* FotoApiService.swift in Sources */ = {isa = PBXBuildFile; fileRef = 1E2E1C7C2C02301400625F4D /* FotoApiService.swift */; };
		1E2E1C812C023B0700625F4D /* FotoViewer.swift in Sources */ = {isa = PBXBuildFile; fileRef = 1E2E1C802C023B0700625F4D /* FotoViewer.swift */; };
/* End PBXBuildFile section */

/* Begin PBXFileReference section */
		1E2DD6702C04D37200DC2389 /* FotoListItemView.swift */ = {isa = PBXFileReference; lastKnownFileType = sourcecode.swift; path = FotoListItemView.swift; sourceTree = "<group>"; };
		1E2E1C4E2C02298F00625F4D /* Fotos.app */ = {isa = PBXFileReference; explicitFileType = wrapper.application; includeInIndex = 0; path = Fotos.app; sourceTree = BUILT_PRODUCTS_DIR; };
		1E2E1C512C02298F00625F4D /* FotosApp.swift */ = {isa = PBXFileReference; lastKnownFileType = sourcecode.swift; path = FotosApp.swift; sourceTree = "<group>"; };
		1E2E1C532C02298F00625F4D /* ContentView.swift */ = {isa = PBXFileReference; lastKnownFileType = sourcecode.swift; path = ContentView.swift; sourceTree = "<group>"; };
		1E2E1C552C02299000625F4D /* Assets.xcassets */ = {isa = PBXFileReference; lastKnownFileType = folder.assetcatalog; path = Assets.xcassets; sourceTree = "<group>"; };
		1E2E1C582C02299000625F4D /* Preview Assets.xcassets */ = {isa = PBXFileReference; lastKnownFileType = folder.assetcatalog; path = "Preview Assets.xcassets"; sourceTree = "<group>"; };
		1E2E1C612C022B7E00625F4D /* Foto.swift */ = {isa = PBXFileReference; lastKnownFileType = sourcecode.swift; path = Foto.swift; sourceTree = SOURCE_ROOT; };
		1E2E1C642C022BB800625F4D /* FotoRepository.swift */ = {isa = PBXFileReference; lastKnownFileType = sourcecode.swift; path = FotoRepository.swift; sourceTree = "<group>"; };
		1E2E1C6E2C022C9D00625F4D /* FotoViewModel.swift */ = {isa = PBXFileReference; lastKnownFileType = sourcecode.swift; path = FotoViewModel.swift; sourceTree = "<group>"; };
		1E2E1C752C022E6000625F4D /* HomeView.swift */ = {isa = PBXFileReference; lastKnownFileType = sourcecode.swift; path = HomeView.swift; sourceTree = "<group>"; };
		1E2E1C792C022EA300625F4D /* FavoriteFotosView.swift */ = {isa = PBXFileReference; lastKnownFileType = sourcecode.swift; path = FavoriteFotosView.swift; sourceTree = "<group>"; };
		1E2E1C7C2C02301400625F4D /* FotoApiService.swift */ = {isa = PBXFileReference; lastKnownFileType = sourcecode.swift; path = FotoApiService.swift; sourceTree = "<group>"; };
		1E2E1C802C023B0700625F4D /* FotoViewer.swift */ = {isa = PBXFileReference; lastKnownFileType = sourcecode.swift; path = FotoViewer.swift; sourceTree = "<group>"; };
		1E2E1C822C02442200625F4D /* Info.plist */ = {isa = PBXFileReference; lastKnownFileType = text.plist; path = Info.plist; sourceTree = "<group>"; };
/* End PBXFileReference section */

/* Begin PBXFrameworksBuildPhase section */
		1E2E1C4B2C02298F00625F4D /* Frameworks */ = {
			isa = PBXFrameworksBuildPhase;
			buildActionMask = 2147483647;
			files = (
				1E2DD66C2C048B3400DC2389 /* Kingfisher in Frameworks */,
			);
			runOnlyForDeploymentPostprocessing = 0;
		};
/* End PBXFrameworksBuildPhase section */

/* Begin PBXGroup section */
		1E2DD66E2C04CBC600DC2389 /* View Models */ = {
			isa = PBXGroup;
			children = (
				1E2E1C6E2C022C9D00625F4D /* FotoViewModel.swift */,
			);
			path = "View Models";
			sourceTree = "<group>";
		};
		1E2DD66F2C04D35C00DC2389 /* Views */ = {
			isa = PBXGroup;
			children = (
				1E2DD6702C04D37200DC2389 /* FotoListItemView.swift */,
			);
			name = Views;
			sourceTree = "<group>";
		};
		1E2E1C452C02298F00625F4D = {
			isa = PBXGroup;
			children = (
				1E2E1C502C02298F00625F4D /* Fotos */,
				1E2E1C4F2C02298F00625F4D /* Products */,
			);
			sourceTree = "<group>";
		};
		1E2E1C4F2C02298F00625F4D /* Products */ = {
			isa = PBXGroup;
			children = (
				1E2E1C4E2C02298F00625F4D /* Fotos.app */,
			);
			name = Products;
			sourceTree = "<group>";
		};
		1E2E1C502C02298F00625F4D /* Fotos */ = {
			isa = PBXGroup;
			children = (
				1E2E1C822C02442200625F4D /* Info.plist */,
				1E2E1C662C022C3D00625F4D /* Pages */,
				1E2DD66E2C04CBC600DC2389 /* View Models */,
				1E2E1C5F2C022AB500625F4D /* Data */,
				1E2E1C712C022DC500625F4D /* App */,
				1E2E1C552C02299000625F4D /* Assets.xcassets */,
				1E2E1C572C02299000625F4D /* Preview Content */,
			);
			path = Fotos;
			sourceTree = "<group>";
		};
		1E2E1C572C02299000625F4D /* Preview Content */ = {
			isa = PBXGroup;
			children = (
				1E2E1C582C02299000625F4D /* Preview Assets.xcassets */,
			);
			path = "Preview Content";
			sourceTree = "<group>";
		};
		1E2E1C5F2C022AB500625F4D /* Data */ = {
			isa = PBXGroup;
			children = (
				1E2E1C7B2C022FF600625F4D /* Services */,
				1E2E1C632C022BA800625F4D /* Repositories */,
				1E2E1C602C022B3400625F4D /* Models */,
			);
			path = Data;
			sourceTree = "<group>";
		};
		1E2E1C602C022B3400625F4D /* Models */ = {
			isa = PBXGroup;
			children = (
				1E2E1C612C022B7E00625F4D /* Foto.swift */,
			);
			path = Models;
			sourceTree = "<group>";
		};
		1E2E1C632C022BA800625F4D /* Repositories */ = {
			isa = PBXGroup;
			children = (
				1E2E1C642C022BB800625F4D /* FotoRepository.swift */,
			);
			path = Repositories;
			sourceTree = "<group>";
		};
		1E2E1C662C022C3D00625F4D /* Pages */ = {
			isa = PBXGroup;
			children = (
				1E2E1C7E2C023ACF00625F4D /* Foto Viewer */,
				1E2E1C772C022E6F00625F4D /* Favorite Fotos */,
				1E2E1C672C022C4800625F4D /* Home */,
			);
			path = Pages;
			sourceTree = "<group>";
		};
		1E2E1C672C022C4800625F4D /* Home */ = {
			isa = PBXGroup;
			children = (
				1E2E1C752C022E6000625F4D /* HomeView.swift */,
			);
			path = Home;
			sourceTree = "<group>";
		};
		1E2E1C712C022DC500625F4D /* App */ = {
			isa = PBXGroup;
			children = (
				1E2E1C532C02298F00625F4D /* ContentView.swift */,
				1E2E1C512C02298F00625F4D /* FotosApp.swift */,
			);
			name = App;
			sourceTree = "<group>";
		};
		1E2E1C772C022E6F00625F4D /* Favorite Fotos */ = {
			isa = PBXGroup;
			children = (
				1E2DD66F2C04D35C00DC2389 /* Views */,
				1E2E1C792C022EA300625F4D /* FavoriteFotosView.swift */,
			);
			path = "Favorite Fotos";
			sourceTree = "<group>";
		};
		1E2E1C7B2C022FF600625F4D /* Services */ = {
			isa = PBXGroup;
			children = (
				1E2E1C7C2C02301400625F4D /* FotoApiService.swift */,
			);
			path = Services;
			sourceTree = "<group>";
		};
		1E2E1C7E2C023ACF00625F4D /* Foto Viewer */ = {
			isa = PBXGroup;
			children = (
				1E2E1C802C023B0700625F4D /* FotoViewer.swift */,
			);
			path = "Foto Viewer";
			sourceTree = "<group>";
		};
/* End PBXGroup section */

/* Begin PBXNativeTarget section */
		1E2E1C4D2C02298F00625F4D /* Fotos */ = {
			isa = PBXNativeTarget;
			buildConfigurationList = 1E2E1C5C2C02299000625F4D /* Build configuration list for PBXNativeTarget "Fotos" */;
			buildPhases = (
				1E2E1C4A2C02298F00625F4D /* Sources */,
				1E2E1C4B2C02298F00625F4D /* Frameworks */,
				1E2E1C4C2C02298F00625F4D /* Resources */,
			);
			buildRules = (
			);
			dependencies = (
			);
			name = Fotos;
			packageProductDependencies = (
				1E2DD66B2C048B3400DC2389 /* Kingfisher */,
			);
			productName = Fotos;
			productReference = 1E2E1C4E2C02298F00625F4D /* Fotos.app */;
			productType = "com.apple.product-type.application";
		};
/* End PBXNativeTarget section */

/* Begin PBXProject section */
		1E2E1C462C02298F00625F4D /* Project object */ = {
			isa = PBXProject;
			attributes = {
				BuildIndependentTargetsInParallel = 1;
				LastSwiftUpdateCheck = 1530;
				LastUpgradeCheck = 1530;
				TargetAttributes = {
					1E2E1C4D2C02298F00625F4D = {
						CreatedOnToolsVersion = 15.3;
					};
				};
			};
			buildConfigurationList = 1E2E1C492C02298F00625F4D /* Build configuration list for PBXProject "Fotos" */;
			compatibilityVersion = "Xcode 14.0";
			developmentRegion = en;
			hasScannedForEncodings = 0;
			knownRegions = (
				en,
				Base,
			);
			mainGroup = 1E2E1C452C02298F00625F4D;
			packageReferences = (
				1E2DD66A2C048B3400DC2389 /* XCRemoteSwiftPackageReference "Kingfisher" */,
			);
			productRefGroup = 1E2E1C4F2C02298F00625F4D /* Products */;
			projectDirPath = "";
			projectRoot = "";
			targets = (
				1E2E1C4D2C02298F00625F4D /* Fotos */,
			);
		};
/* End PBXProject section */

/* Begin PBXResourcesBuildPhase section */
		1E2E1C4C2C02298F00625F4D /* Resources */ = {
			isa = PBXResourcesBuildPhase;
			buildActionMask = 2147483647;
			files = (
				1E2E1C592C02299000625F4D /* Preview Assets.xcassets in Resources */,
				1E2E1C562C02299000625F4D /* Assets.xcassets in Resources */,
			);
			runOnlyForDeploymentPostprocessing = 0;
		};
/* End PBXResourcesBuildPhase section */

/* Begin PBXSourcesBuildPhase section */
		1E2E1C4A2C02298F00625F4D /* Sources */ = {
			isa = PBXSourcesBuildPhase;
			buildActionMask = 2147483647;
			files = (
				1E2E1C7A2C022EA300625F4D /* FavoriteFotosView.swift in Sources */,
				1E2DD6712C04D37200DC2389 /* FotoListItemView.swift in Sources */,
				1E2E1C6F2C022C9D00625F4D /* FotoViewModel.swift in Sources */,
				1E2E1C7D2C02301400625F4D /* FotoApiService.swift in Sources */,
				1E2E1C762C022E6000625F4D /* HomeView.swift in Sources */,
				1E2E1C542C02298F00625F4D /* ContentView.swift in Sources */,
				1E2E1C522C02298F00625F4D /* FotosApp.swift in Sources */,
				1E2E1C622C022B7E00625F4D /* Foto.swift in Sources */,
				1E2E1C652C022BB800625F4D /* FotoRepository.swift in Sources */,
				1E2E1C812C023B0700625F4D /* FotoViewer.swift in Sources */,
			);
			runOnlyForDeploymentPostprocessing = 0;
		};
/* End PBXSourcesBuildPhase section */

/* Begin XCBuildConfiguration section */
		1E2E1C5A2C02299000625F4D /* Debug */ = {
			isa = XCBuildConfiguration;
			buildSettings = {
				ALWAYS_SEARCH_USER_PATHS = NO;
				ASSETCATALOG_COMPILER_GENERATE_SWIFT_ASSET_SYMBOL_EXTENSIONS = YES;
				CLANG_ANALYZER_NONNULL = YES;
				CLANG_ANALYZER_NUMBER_OBJECT_CONVERSION = YES_AGGRESSIVE;
				CLANG_CXX_LANGUAGE_STANDARD = "gnu++20";
				CLANG_ENABLE_MODULES = YES;
				CLANG_ENABLE_OBJC_ARC = YES;
				CLANG_ENABLE_OBJC_WEAK = YES;
				CLANG_WARN_BLOCK_CAPTURE_AUTORELEASING = YES;
				CLANG_WARN_BOOL_CONVERSION = YES;
				CLANG_WARN_COMMA = YES;
				CLANG_WARN_CONSTANT_CONVERSION = YES;
				CLANG_WARN_DEPRECATED_OBJC_IMPLEMENTATIONS = YES;
				CLANG_WARN_DIRECT_OBJC_ISA_USAGE = YES_ERROR;
				CLANG_WARN_DOCUMENTATION_COMMENTS = YES;
				CLANG_WARN_EMPTY_BODY = YES;
				CLANG_WARN_ENUM_CONVERSION = YES;
				CLANG_WARN_INFINITE_RECURSION = YES;
				CLANG_WARN_INT_CONVERSION = YES;
				CLANG_WARN_NON_LITERAL_NULL_CONVERSION = YES;
				CLANG_WARN_OBJC_IMPLICIT_RETAIN_SELF = YES;
				CLANG_WARN_OBJC_LITERAL_CONVERSION = YES;
				CLANG_WARN_OBJC_ROOT_CLASS = YES_ERROR;
				CLANG_WARN_QUOTED_INCLUDE_IN_FRAMEWORK_HEADER = YES;
				CLANG_WARN_RANGE_LOOP_ANALYSIS = YES;
				CLANG_WARN_STRICT_PROTOTYPES = YES;
				CLANG_WARN_SUSPICIOUS_MOVE = YES;
				CLANG_WARN_UNGUARDED_AVAILABILITY = YES_AGGRESSIVE;
				CLANG_WARN_UNREACHABLE_CODE = YES;
				CLANG_WARN__DUPLICATE_METHOD_MATCH = YES;
				COPY_PHASE_STRIP = NO;
				DEBUG_INFORMATION_FORMAT = dwarf;
				ENABLE_STRICT_OBJC_MSGSEND = YES;
				ENABLE_TESTABILITY = YES;
				ENABLE_USER_SCRIPT_SANDBOXING = YES;
				GCC_C_LANGUAGE_STANDARD = gnu17;
				GCC_DYNAMIC_NO_PIC = NO;
				GCC_NO_COMMON_BLOCKS = YES;
				GCC_OPTIMIZATION_LEVEL = 0;
				GCC_PREPROCESSOR_DEFINITIONS = (
					"DEBUG=1",
					"$(inherited)",
				);
				GCC_WARN_64_TO_32_BIT_CONVERSION = YES;
				GCC_WARN_ABOUT_RETURN_TYPE = YES_ERROR;
				GCC_WARN_UNDECLARED_SELECTOR = YES;
				GCC_WARN_UNINITIALIZED_AUTOS = YES_AGGRESSIVE;
				GCC_WARN_UNUSED_FUNCTION = YES;
				GCC_WARN_UNUSED_VARIABLE = YES;
				IPHONEOS_DEPLOYMENT_TARGET = 17.4;
				LOCALIZATION_PREFERS_STRING_CATALOGS = YES;
				MTL_ENABLE_DEBUG_INFO = INCLUDE_SOURCE;
				MTL_FAST_MATH = YES;
				ONLY_ACTIVE_ARCH = YES;
				SDKROOT = iphoneos;
				SWIFT_ACTIVE_COMPILATION_CONDITIONS = "DEBUG $(inherited)";
				SWIFT_OPTIMIZATION_LEVEL = "-Onone";
			};
			name = Debug;
		};
		1E2E1C5B2C02299000625F4D /* Release */ = {
			isa = XCBuildConfiguration;
			buildSettings = {
				ALWAYS_SEARCH_USER_PATHS = NO;
				ASSETCATALOG_COMPILER_GENERATE_SWIFT_ASSET_SYMBOL_EXTENSIONS = YES;
				CLANG_ANALYZER_NONNULL = YES;
				CLANG_ANALYZER_NUMBER_OBJECT_CONVERSION = YES_AGGRESSIVE;
				CLANG_CXX_LANGUAGE_STANDARD = "gnu++20";
				CLANG_ENABLE_MODULES = YES;
				CLANG_ENABLE_OBJC_ARC = YES;
				CLANG_ENABLE_OBJC_WEAK = YES;
				CLANG_WARN_BLOCK_CAPTURE_AUTORELEASING = YES;
				CLANG_WARN_BOOL_CONVERSION = YES;
				CLANG_WARN_COMMA = YES;
				CLANG_WARN_CONSTANT_CONVERSION = YES;
				CLANG_WARN_DEPRECATED_OBJC_IMPLEMENTATIONS = YES;
				CLANG_WARN_DIRECT_OBJC_ISA_USAGE = YES_ERROR;
				CLANG_WARN_DOCUMENTATION_COMMENTS = YES;
				CLANG_WARN_EMPTY_BODY = YES;
				CLANG_WARN_ENUM_CONVERSION = YES;
				CLANG_WARN_INFINITE_RECURSION = YES;
				CLANG_WARN_INT_CONVERSION = YES;
				CLANG_WARN_NON_LITERAL_NULL_CONVERSION = YES;
				CLANG_WARN_OBJC_IMPLICIT_RETAIN_SELF = YES;
				CLANG_WARN_OBJC_LITERAL_CONVERSION = YES;
				CLANG_WARN_OBJC_ROOT_CLASS = YES_ERROR;
				CLANG_WARN_QUOTED_INCLUDE_IN_FRAMEWORK_HEADER = YES;
				CLANG_WARN_RANGE_LOOP_ANALYSIS = YES;
				CLANG_WARN_STRICT_PROTOTYPES = YES;
				CLANG_WARN_SUSPICIOUS_MOVE = YES;
				CLANG_WARN_UNGUARDED_AVAILABILITY = YES_AGGRESSIVE;
				CLANG_WARN_UNREACHABLE_CODE = YES;
				CLANG_WARN__DUPLICATE_METHOD_MATCH = YES;
				COPY_PHASE_STRIP = NO;
				DEBUG_INFORMATION_FORMAT = "dwarf-with-dsym";
				ENABLE_NS_ASSERTIONS = NO;
				ENABLE_STRICT_OBJC_MSGSEND = YES;
				ENABLE_USER_SCRIPT_SANDBOXING = YES;
				GCC_C_LANGUAGE_STANDARD = gnu17;
				GCC_NO_COMMON_BLOCKS = YES;
				GCC_WARN_64_TO_32_BIT_CONVERSION = YES;
				GCC_WARN_ABOUT_RETURN_TYPE = YES_ERROR;
				GCC_WARN_UNDECLARED_SELECTOR = YES;
				GCC_WARN_UNINITIALIZED_AUTOS = YES_AGGRESSIVE;
				GCC_WARN_UNUSED_FUNCTION = YES;
				GCC_WARN_UNUSED_VARIABLE = YES;
				IPHONEOS_DEPLOYMENT_TARGET = 17.4;
				LOCALIZATION_PREFERS_STRING_CATALOGS = YES;
				MTL_ENABLE_DEBUG_INFO = NO;
				MTL_FAST_MATH = YES;
				SDKROOT = iphoneos;
				SWIFT_COMPILATION_MODE = wholemodule;
				VALIDATE_PRODUCT = YES;
			};
			name = Release;
		};
		1E2E1C5D2C02299000625F4D /* Debug */ = {
			isa = XCBuildConfiguration;
			buildSettings = {
				ASSETCATALOG_COMPILER_APPICON_NAME = AppIcon;
				ASSETCATALOG_COMPILER_GLOBAL_ACCENT_COLOR_NAME = AccentColor;
				CODE_SIGN_STYLE = Automatic;
				CURRENT_PROJECT_VERSION = 1;
				DEVELOPMENT_ASSET_PATHS = "\"Fotos/Preview Content\"";
				DEVELOPMENT_TEAM = GC49ZHGF54;
				ENABLE_PREVIEWS = YES;
				GENERATE_INFOPLIST_FILE = YES;
				INFOPLIST_FILE = Fotos/Info.plist;
				INFOPLIST_KEY_UIApplicationSceneManifest_Generation = YES;
				INFOPLIST_KEY_UIApplicationSupportsIndirectInputEvents = YES;
				INFOPLIST_KEY_UILaunchScreen_Generation = YES;
				INFOPLIST_KEY_UISupportedInterfaceOrientations_iPad = "UIInterfaceOrientationPortrait UIInterfaceOrientationPortraitUpsideDown UIInterfaceOrientationLandscapeLeft UIInterfaceOrientationLandscapeRight";
				INFOPLIST_KEY_UISupportedInterfaceOrientations_iPhone = "UIInterfaceOrientationPortrait UIInterfaceOrientationLandscapeLeft UIInterfaceOrientationLandscapeRight";
				LD_RUNPATH_SEARCH_PATHS = (
					"$(inherited)",
					"@executable_path/Frameworks",
				);
				MARKETING_VERSION = 1.0;
				PRODUCT_BUNDLE_IDENTIFIER = codeclobber.com.Fotos;
				PRODUCT_NAME = "$(TARGET_NAME)";
				SWIFT_EMIT_LOC_STRINGS = YES;
				SWIFT_VERSION = 5.0;
				TARGETED_DEVICE_FAMILY = "1,2";
			};
			name = Debug;
		};
		1E2E1C5E2C02299000625F4D /* Release */ = {
			isa = XCBuildConfiguration;
			buildSettings = {
				ASSETCATALOG_COMPILER_APPICON_NAME = AppIcon;
				ASSETCATALOG_COMPILER_GLOBAL_ACCENT_COLOR_NAME = AccentColor;
				CODE_SIGN_STYLE = Automatic;
				CURRENT_PROJECT_VERSION = 1;
				DEVELOPMENT_ASSET_PATHS = "\"Fotos/Preview Content\"";
				DEVELOPMENT_TEAM = GC49ZHGF54;
				ENABLE_PREVIEWS = YES;
				GENERATE_INFOPLIST_FILE = YES;
				INFOPLIST_FILE = Fotos/Info.plist;
				INFOPLIST_KEY_UIApplicationSceneManifest_Generation = YES;
				INFOPLIST_KEY_UIApplicationSupportsIndirectInputEvents = YES;
				INFOPLIST_KEY_UILaunchScreen_Generation = YES;
				INFOPLIST_KEY_UISupportedInterfaceOrientations_iPad = "UIInterfaceOrientationPortrait UIInterfaceOrientationPortraitUpsideDown UIInterfaceOrientationLandscapeLeft UIInterfaceOrientationLandscapeRight";
				INFOPLIST_KEY_UISupportedInterfaceOrientations_iPhone = "UIInterfaceOrientationPortrait UIInterfaceOrientationLandscapeLeft UIInterfaceOrientationLandscapeRight";
				LD_RUNPATH_SEARCH_PATHS = (
					"$(inherited)",
					"@executable_path/Frameworks",
				);
				MARKETING_VERSION = 1.0;
				PRODUCT_BUNDLE_IDENTIFIER = codeclobber.com.Fotos;
				PRODUCT_NAME = "$(TARGET_NAME)";
				SWIFT_EMIT_LOC_STRINGS = YES;
				SWIFT_VERSION = 5.0;
				TARGETED_DEVICE_FAMILY = "1,2";
			};
			name = Release;
		};
/* End XCBuildConfiguration section */

/* Begin XCConfigurationList section */
		1E2E1C492C02298F00625F4D /* Build configuration list for PBXProject "Fotos" */ = {
			isa = XCConfigurationList;
			buildConfigurations = (
				1E2E1C5A2C02299000625F4D /* Debug */,
				1E2E1C5B2C02299000625F4D /* Release */,
			);
			defaultConfigurationIsVisible = 0;
			defaultConfigurationName = Release;
		};
		1E2E1C5C2C02299000625F4D /* Build configuration list for PBXNativeTarget "Fotos" */ = {
			isa = XCConfigurationList;
			buildConfigurations = (
				1E2E1C5D2C02299000625F4D /* Debug */,
				1E2E1C5E2C02299000625F4D /* Release */,
			);
			defaultConfigurationIsVisible = 0;
			defaultConfigurationName = Release;
		};
/* End XCConfigurationList section */

/* Begin XCRemoteSwiftPackageReference section */
		1E2DD66A2C048B3400DC2389 /* XCRemoteSwiftPackageReference "Kingfisher" */ = {
			isa = XCRemoteSwiftPackageReference;
			repositoryURL = "https://github.com/onevcat/Kingfisher.git";
			requirement = {
				kind = upToNextMajorVersion;
				minimumVersion = 7.11.0;
			};
		};
/* End XCRemoteSwiftPackageReference section */

/* Begin XCSwiftPackageProductDependency section */
		1E2DD66B2C048B3400DC2389 /* Kingfisher */ = {
			isa = XCSwiftPackageProductDependency;
			package = 1E2DD66A2C048B3400DC2389 /* XCRemoteSwiftPackageReference "Kingfisher" */;
			productName = Kingfisher;
		};
/* End XCSwiftPackageProductDependency section */
	};
	rootObject = 1E2E1C462C02298F00625F4D /* Project object */;
}
